
Microsoft Visual Studio Solution File, Format Version 12.00
# Visual Studio Version 17
VisualStudioVersion = 17.11.35208.52
MinimumVisualStudioVersion = 10.0.40219.1
Project("{FAE04EC0-301F-11D3-BF4B-00C04F79EFBC}") = "PRG272_GITHUB", "PRG272_GITHUB.csproj", "{3FF573FB-ED55-4F9C-BFD0-CE8E899804FB}"
EndProject
Global
	GlobalSection(SolutionConfigurationPlatforms) = preSolution
		Debug|Any CPU = Debug|Any CPU
		Release|Any CPU = Release|Any CPU
	EndGlobalSection
	GlobalSection(ProjectConfigurationPlatforms) = postSolution
		{3FF573FB-ED55-4F9C-BFD0-CE8E899804FB}.Debug|Any CPU.ActiveCfg = Debug|Any CPU
		{3FF573FB-ED55-4F9C-BFD0-CE8E899804FB}.Debug|Any CPU.Build.0 = Debug|Any CPU
		{3FF573FB-ED55-4F9C-BFD0-CE8E899804FB}.Release|Any CPU.ActiveCfg = Release|Any CPU
		{3FF573FB-ED55-4F9C-BFD0-CE8E899804FB}.Release|Any CPU.Build.0 = Release|Any CPU
	EndGlobalSection
	GlobalSection(SolutionProperties) = preSolution
		HideSolutionNode = FALSE
	EndGlobalSection
	GlobalSection(ExtensibilityGlobals) = postSolution
		SolutionGuid = {6EDE5893-5F0B-46EC-80AF-80DE23B71F3C}
	EndGlobalSection
EndGlobal
